# generated by rye
# use `rye lock` or `rye sync` to update this lockfile
#
# last locked with the following flags:
#   pre: false
#   features: []
#   all-features: false
#   with-sources: false
#   generate-hashes: false
#   universal: false

-e file:.
black==25.1.0
click==8.1.8
    # via black
iniconfig==2.1.0
    # via pytest
isort==6.0.1
mypy==1.15.0
mypy-extensions==1.1.0
    # via black
    # via mypy
numpy==2.2.5
    # via game-of-life
packaging==25.0
    # via black
    # via pytest
pathspec==0.12.1
    # via black
platformdirs==4.3.7
    # via black
pluggy==1.5.0
    # via pytest
pygame==2.6.1
    # via game-of-life
pytest==8.3.5
typing-extensions==4.13.2
    # via mypy
